<?xml version="1.0" encoding="utf-8"?>
<Project ToolsVersion="4.0" xmlns="http://schemas.microsoft.com/developer/msbuild/2003">
  <ItemGroup>
    <!--<Filter Include="ソース ファイル">
      <UniqueIdentifier>{4FC737F1-C7A5-4376-A066-2A32D752A2FF}</UniqueIdentifier>
      <Extensions>cpp;c;cc;cxx;c++;cppm;ixx;def;odl;idl;hpj;bat;asm;asmx</Extensions>
    </Filter>
    <Filter Include="ヘッダー ファイル">
      <UniqueIdentifier>{93995380-89BD-4b04-88EB-625FBE52EBFB}</UniqueIdentifier>
      <Extensions>h;hh;hpp;hxx;h++;hm;inl;inc;ipp;xsd</Extensions>
    </Filter>
    <Filter Include="リソース ファイル">
      <UniqueIdentifier>{67DA6AB6-F800-4c08-8B7A-83BB121AAD01}</UniqueIdentifier>
      <Extensions>rc;ico;cur;bmp;dlg;rc2;rct;bin;rgs;gif;jpg;jpeg;jpe;resx;tiff;tif;png;wav;mfcribbon-ms</Extensions>
    </Filter>-->
    <Filter Include="未フィルターのなんとかしなきゃいけないファイル">
      <UniqueIdentifier>{B1DCE997-2E26-4582-AFE5-19A91DACDCE5}</UniqueIdentifier>
      <Extensions>cpp;c;cc;cxx;c++;cppm;ixx;def;odl;idl;hpj;bat;asm;asmx;h;hh;hpp;hxx;h++;hm;inl;inc;ipp;xsd;rc;ico;cur;bmp;dlg;rc2;rct;bin;rgs;gif;jpg;jpeg;jpe;resx;tiff;tif;png;wav;mfcribbon-ms</Extensions>
    </Filter>
    <Filter Include="01Game">
      <UniqueIdentifier>{21BFEB11-F132-4727-AE1C-464C9246C1F6}</UniqueIdentifier>
    </Filter>
    <Filter Include="02Assets">
      <UniqueIdentifier>{135DEEFF-4BB8-46CC-A5A5-E492A0B0220B}</UniqueIdentifier>
    </Filter>
    <Filter Include="02Assets\Shader">
      <UniqueIdentifier>{61C64A6A-6FF3-4962-B868-451EC48F82C4}</UniqueIdentifier>
    </Filter>
    <Filter Include="03mtgb">
      <UniqueIdentifier>{73013E42-2253-4408-AFFB-5087EE0CFAB6}</UniqueIdentifier>
    </Filter>
    <Filter Include="03mtgb\Component">
      <UniqueIdentifier>{850DFD17-2463-4D49-B489-ABE0559C7961}</UniqueIdentifier>
    </Filter>
    <Filter Include="03mtgb\System">
      <UniqueIdentifier>{ED79064E-721E-4C38-A2D6-F8655F424641}</UniqueIdentifier>
    </Filter>
    <Filter Include="03mtgb\System\ComponentPool">
      <UniqueIdentifier>{C4301C68-DE3A-4D50-A082-DC4E06BF5FAE}</UniqueIdentifier>
    </Filter>
    <Filter Include="03mtgb\System\Library">
      <UniqueIdentifier>{BC23D0DD-0103-48BD-9C7C-1A6E1296D737}</UniqueIdentifier>
    </Filter>
    <Filter Include="03mtgb\System\AssetsManager">
      <UniqueIdentifier>{3E8CDCFC-184E-4A35-89F1-DF33951DB6E9}</UniqueIdentifier>
    </Filter>
    <Filter Include="03mtgb\System\Camera">
      <UniqueIdentifier>{69F464C2-D1B6-4CA7-9A92-1422F387591E}</UniqueIdentifier>
    </Filter>
    <Filter Include="03mtgb\System\Collider">
      <UniqueIdentifier>{CB085CF7-92DD-4F87-9642-D5A270CE4C54}</UniqueIdentifier>
    </Filter>
    <Filter Include="03mtgb\System\Debug">
      <UniqueIdentifier>{D53BA47B-143D-462F-8EE9-4D6ECFD606DF}</UniqueIdentifier>
    </Filter>
    <Filter Include="03mtgb\System\Direct2D">
      <UniqueIdentifier>{60D96545-C92F-4267-BA91-2F61CE1927D3}</UniqueIdentifier>
    </Filter>
    <Filter Include="03mtgb\System\Direct2D\DirectWrite">
      <UniqueIdentifier>{B3BC1763-B3A7-401E-B7F6-2D09A1061EDC}</UniqueIdentifier>
    </Filter>
    <Filter Include="03mtgb\System\DirectX11">
      <UniqueIdentifier>{2747B1B4-504A-4D6F-BDC0-DEFD52D026C0}</UniqueIdentifier>
    </Filter>
    <Filter Include="03mtgb\System\Draw">
      <UniqueIdentifier>{E50221F1-B94E-428D-A197-521B9EAFEEC6}</UniqueIdentifier>
    </Filter>
    <Filter Include="03mtgb\System\Draw\FBX">
      <UniqueIdentifier>{2A33C253-6EC0-4196-9EBA-E2B2CEDA86CA}</UniqueIdentifier>
    </Filter>
    <Filter Include="03mtgb\System\Draw\OBJ">
      <UniqueIdentifier>{3F5BF5DA-FAFC-4C7A-83E2-B1455F639C91}</UniqueIdentifier>
    </Filter>
    <Filter Include="03mtgb\System\Image">
      <UniqueIdentifier>{EB4303FF-BCC9-4165-BC8F-BDD38D824E9F}</UniqueIdentifier>
    </Filter>
    <Filter Include="03mtgb\System\Input">
      <UniqueIdentifier>{ABBD425C-048F-4D7A-A1FE-A103E29A0496}</UniqueIdentifier>
    </Filter>
    <Filter Include="03mtgb\System\SceneSystem">
      <UniqueIdentifier>{AAB9A745-2907-455C-AF0B-6E534AED4654}</UniqueIdentifier>
    </Filter>
    <Filter Include="03mtgb\System\Screen">
      <UniqueIdentifier>{9CAC0721-83D4-415B-93DD-4B83F1019AB1}</UniqueIdentifier>
    </Filter>
    <Filter Include="03mtgb\System\Text">
      <UniqueIdentifier>{315FFC82-4A8C-4115-8351-86D07349C5B3}</UniqueIdentifier>
    </Filter>
    <Filter Include="03mtgb\System\Time">
      <UniqueIdentifier>{7944C353-D425-4444-8046-DA9F9D0899AB}</UniqueIdentifier>
    </Filter>
    <Filter Include="03mtgb\System\Time\GameTime">
      <UniqueIdentifier>{7E7C4D68-3124-42B0-873D-2D55F3380D60}</UniqueIdentifier>
    </Filter>
    <Filter Include="03mtgb\System\Time\Timer">
      <UniqueIdentifier>{A46BC05E-8F14-4DDB-8440-FB1640404A35}</UniqueIdentifier>
    </Filter>
    <Filter Include="03mtgb\System\Window">
      <UniqueIdentifier>{E5FC8D49-0C74-4B8F-8435-23344E9C125A}</UniqueIdentifier>
    </Filter>
    <Filter Include="03mtgb\System\Window\MainWindow">
      <UniqueIdentifier>{FA2D1C29-D64B-4945-AEA4-14B519A4BE32}</UniqueIdentifier>
    </Filter>
    <Filter Include="03mtgb\System\Window\SubWindow">
      <UniqueIdentifier>{8EEDDAFC-B7DE-4D1F-B978-67FCD6544F03}</UniqueIdentifier>
    </Filter>
    <Filter Include="03mtgb\System\Window\WindowManager">
      <UniqueIdentifier>{6AA188CE-1911-4C62-9888-F9B68CD595EF}</UniqueIdentifier>
    </Filter>
    <Filter Include="03mtgb\System\Window\WindowContextResourceManager">
      <UniqueIdentifier>{4639A640-B224-4849-9802-A4B78586CFF0}</UniqueIdentifier>
    </Filter>
    <Filter Include="03mtgb\System\Window\DoubleWindow">
      <UniqueIdentifier>{FE5E13F2-7D79-4F22-94BC-23F9F7DBD4C0}</UniqueIdentifier>
    </Filter>
    <Filter Include="03mtgb\System\Model">
      <UniqueIdentifier>{623301D1-B395-4FAA-BF93-122533AA9F22}</UniqueIdentifier>
    </Filter>
    <Filter Include="03mtgb\Shader">
      <UniqueIdentifier>{0407D78A-8EF7-43E6-AD42-A3FB1AF6F47A}</UniqueIdentifier>
    </Filter>
    <Filter Include="03mtgb\CoreType">
      <UniqueIdentifier>{EA28BEFD-2F6D-481B-B6DA-97397A9ABEF9}</UniqueIdentifier>
    </Filter>
    <Filter Include="03mtgb\Library">
      <UniqueIdentifier>{1B73F4E5-89EC-4BA6-B18E-F2042DC06499}</UniqueIdentifier>
    </Filter>
    <Filter Include="03mtgb\Library\MTBin">
      <UniqueIdentifier>{F084DEEB-6807-4DD9-AF25-91E850B3D3C8}</UniqueIdentifier>
    </Filter>
    <Filter Include="03mtgb\Library\MTNet">
      <UniqueIdentifier>{73DA8D07-9F90-465E-891B-1A677AFB2760}</UniqueIdentifier>
    </Filter>
    <Filter Include="03mtgb\Library\MTBit">
      <UniqueIdentifier>{5E0E2846-6D8F-450A-B3FF-F768E6F41879}</UniqueIdentifier>
    </Filter>
    <Filter Include="03mtgb\Library\MTStat">
      <UniqueIdentifier>{E7372645-9D4E-4FA6-A57D-647CD5B56EA6}</UniqueIdentifier>
    </Filter>
    <Filter Include="03mtgb\Library\ImGui">
      <UniqueIdentifier>{90291104-2F3A-46D0-A8F3-49C8CFF88BA3}</UniqueIdentifier>
    </Filter>
    <Filter Include="03mtgb\Library\Nlohmann-json">
      <UniqueIdentifier>{7E4FCA2B-2D6C-437B-B5BE-D33E2E8A3D37}</UniqueIdentifier>
    </Filter>
    <Filter Include="03mtgb\Core">
      <UniqueIdentifier>{E3F0CA7A-DF7C-4B81-A19B-13CA68C97EB6}</UniqueIdentifier>
    </Filter>
    <Filter Include="03mtgb\X-Ignore">
      <UniqueIdentifier>{C0D5D73B-86BF-4381-843E-8AFC06913AAB}</UniqueIdentifier>
    </Filter>
    <Filter Include="03mtgb\Utility">
      <UniqueIdentifier>{B6B18D8D-5661-4C29-9C99-E6D36B7444B8}</UniqueIdentifier>
    </Filter>
    <Filter Include="03mtgb\Includer">
      <UniqueIdentifier>{B4F1A1C8-2B86-470B-978D-55DE2F6FDD03}</UniqueIdentifier>
    </Filter>
    <Filter Include="04Library">
      <UniqueIdentifier>{DD7D1D12-62B7-4B0C-B47F-43A4E088E5D4}</UniqueIdentifier>
    </Filter>
    <Filter Include="04Library\ImGui">
      <UniqueIdentifier>{B083F975-732A-45C3-89FD-9F553D8FE71C}</UniqueIdentifier>
    </Filter>
    <Filter Include="03mtgb\System\Audio">
      <UniqueIdentifier>{F90B930B-0998-4579-8DAF-FAB97AFAEFD7}</UniqueIdentifier>
    </Filter>
    <Filter Include="03mtgb\System\Ground">
      <UniqueIdentifier>{de5c7e48-ac63-4fe9-9610-1e5cdb555812}</UniqueIdentifier>
    </Filter>
    <Filter Include="03mtgb\System\Debug\MTImGui">
      <UniqueIdentifier>{c9172372-b361-434b-90f2-207230460f77}</UniqueIdentifier>
    </Filter>
    <Filter Include="04Library\ImGui\ImGuizmo">
      <UniqueIdentifier>{7aa07b0e-8966-4bc9-b776-dffd543bd617}</UniqueIdentifier>
    </Filter>
    <Filter Include="03mtgb\System\Collider\ColliderInfo">
      <UniqueIdentifier>{94a10e42-91ba-48c8-8387-b63ce42fc08f}</UniqueIdentifier>
    </Filter>
    <Filter Include="03mtgb\System\Debug\Command">
      <UniqueIdentifier>{410c3c20-286c-4b92-a924-fb42ca530f1d}</UniqueIdentifier>
    </Filter>
    <Filter Include="03mtgb\Component\Mement">
      <UniqueIdentifier>{6c9f475f-a3ed-4839-88d5-ef85123c59cb}</UniqueIdentifier>
    </Filter>
    <!--<Filter Include="mtgb">
      <UniqueIdentifier>{9d90928f-f713-44c3-a09a-4c269d6f0647}</UniqueIdentifier>
    </Filter>
    <Filter Include="mtgb\MTBin">
      <UniqueIdentifier>{bd9379eb-fff6-4864-b34d-e5a34323700d}</UniqueIdentifier>
    </Filter>
    <Filter Include="mtgb\Component">
      <UniqueIdentifier>{9d15728b-7eaa-4abb-8bbe-fac7975ef1fe}</UniqueIdentifier>
    </Filter>
    <Filter Include="mtgb\Ignore">
      <UniqueIdentifier>{d807ce30-9704-4ee0-ba00-652684f1efb0}</UniqueIdentifier>
    </Filter>
    <Filter Include="mtgb\Library">
      <UniqueIdentifier>{19fcdf99-aa25-4010-a671-b7600ef25bcc}</UniqueIdentifier>
    </Filter>
    <Filter Include="mtgb\Shader">
      <UniqueIdentifier>{6ea0b6fb-8a0f-4488-a84c-b586df100f0e}</UniqueIdentifier>
    </Filter>
    <Filter Include="mtgb\System">
      <UniqueIdentifier>{5696c2b9-9191-4848-ac85-929eef771fbe}</UniqueIdentifier>
    </Filter>
    <Filter Include="mtgb\System\AssetsManager">
      <UniqueIdentifier>{7f964e3b-6981-40fe-83fb-89b4f34626a1}</UniqueIdentifier>
    </Filter>
    <Filter Include="mtgb\System\Audio">
      <UniqueIdentifier>{34cadb34-652b-4976-83e0-150cc1db2608}</UniqueIdentifier>
    </Filter>
    <Filter Include="mtgb\System\ComponentPool">
      <UniqueIdentifier>{c06cffd5-db37-4e23-9e23-a5b1963c77d2}</UniqueIdentifier>
    </Filter>
    <Filter Include="mtgb\System\Debug">
      <UniqueIdentifier>{64cfcd98-a8d3-4b9f-b6e2-22e7dfd5db9f}</UniqueIdentifier>
    </Filter>
    <Filter Include="mtgb\System\DirectWrite">
      <UniqueIdentifier>{2eaba8bc-781e-4220-bf7d-84adc526eacf}</UniqueIdentifier>
    </Filter>
    <Filter Include="mtgb\System\Direct2D">
      <UniqueIdentifier>{dcb6fe85-1ca1-4fd4-85bc-d4881d09aef0}</UniqueIdentifier>
    </Filter>
    <Filter Include="mtgb\System\Draw">
      <UniqueIdentifier>{769dc29e-cda5-4827-ba54-8f192061de74}</UniqueIdentifier>
    </Filter>
    <Filter Include="mtgb\System\Draw\OBJ">
      <UniqueIdentifier>{009117bd-41ca-41ac-ac2d-79c5d8bbc149}</UniqueIdentifier>
    </Filter>
    <Filter Include="mtgb\System\Draw\Shader">
      <UniqueIdentifier>{be92f6ee-b791-41cb-86d9-a4af6669912e}</UniqueIdentifier>
    </Filter>
    <Filter Include="mtgb\System\Image">
      <UniqueIdentifier>{909852cd-6b36-4db6-9a16-d2c3534ad0ac}</UniqueIdentifier>
    </Filter>
    <Filter Include="mtgb\System\Input">
      <UniqueIdentifier>{f6d14fe5-adb7-4235-bb45-a457ff688961}</UniqueIdentifier>
    </Filter>
    <Filter Include="mtgb\System\Scene">
      <UniqueIdentifier>{9521518b-b099-4765-9803-cab32aa6d99e}</UniqueIdentifier>
    </Filter>
    <Filter Include="mtgb\System\Screen">
      <UniqueIdentifier>{d0636eca-f672-454b-befe-50530257d2b1}</UniqueIdentifier>
    </Filter>
    <Filter Include="mtgb\System\Time">
      <UniqueIdentifier>{15c4e0bc-a43d-4be6-bf1f-f0d632c81027}</UniqueIdentifier>
    </Filter>
    <Filter Include="mtgb\System\TransformCP">
      <UniqueIdentifier>{a902f374-0bb9-4fd6-b59d-2762ddb8ffa6}</UniqueIdentifier>
    </Filter>
    <Filter Include="mtgb\Utility">
      <UniqueIdentifier>{ec9d819b-14e0-40a8-9257-ba8c79a2b7a8}</UniqueIdentifier>
    </Filter>
    <Filter Include="mtgb\System\Direct11Manager">
      <UniqueIdentifier>{412ee36a-f0e3-4d5c-a7a9-42e6ff14167b}</UniqueIdentifier>
    </Filter>
    <Filter Include="Game">
      <UniqueIdentifier>{1af1d065-3a5b-48ca-af77-ba3dc3bef107}</UniqueIdentifier>
    </Filter>
    <Filter Include="Game\PlayScene">
      <UniqueIdentifier>{77f22293-232a-4541-8485-ae705549e177}</UniqueIdentifier>
    </Filter>
    <Filter Include="mtgb\System\Draw\Fbx">
      <UniqueIdentifier>{353f749a-1df7-4698-9711-40779bcf64cf}</UniqueIdentifier>
    </Filter>
    <Filter Include="ImGui">
      <UniqueIdentifier>{c7b7ba4b-3519-4497-b063-d5e2acd7f508}</UniqueIdentifier>
    </Filter>
    <Filter Include="mtgb\System\Text">
      <UniqueIdentifier>{4920500e-d02e-4512-b366-1f4818977216}</UniqueIdentifier>
    </Filter>
    <Filter Include="Assets">
      <UniqueIdentifier>{a41016de-2540-42af-8009-7cc1b8623695}</UniqueIdentifier>
    </Filter>
    <Filter Include="mtgb\System\Collider">
      <UniqueIdentifier>{93594e0d-8abd-42b9-878f-3a8c01fae598}</UniqueIdentifier>
    </Filter>
    <Filter Include="mtgb\System\Window">
      <UniqueIdentifier>{712b342c-f58d-48b1-afcf-0ea75a95c244}</UniqueIdentifier>
    </Filter>
    <Filter Include="mtgb\System\Window\MainWindow">
      <UniqueIdentifier>{0f6f38b7-d1c1-4df9-a568-8cbe2248c417}</UniqueIdentifier>
    </Filter>
    <Filter Include="mtgb\System\Window\SubWindow">
      <UniqueIdentifier>{9264510d-5991-4196-b945-e70ed22eb59f}</UniqueIdentifier>
    </Filter>
    <Filter Include="mtgb\System\Resource">
      <UniqueIdentifier>{f4f1e396-72c4-4006-8ee0-eaf25832b419}</UniqueIdentifier>
    </Filter>
    <Filter Include="mtgb\System\Resource\Resources">
      <UniqueIdentifier>{7807dafe-ffc5-4044-9a56-23f20b8faa6f}</UniqueIdentifier>
    </Filter>
    <Filter Include="mtgb\MTNet">
      <UniqueIdentifier>{4dd2f2f8-47cc-44d1-9cd0-60c409db6cc7}</UniqueIdentifier>
    </Filter>
    <Filter Include="mtgb\System\Camera">
      <UniqueIdentifier>{c3026163-e52d-4f01-af5b-a01ed9efb2ed}</UniqueIdentifier>
    </Filter>
    <Filter Include="Game\PlayScene\Network">
      <UniqueIdentifier>{455e098b-191f-4cf5-80e5-5a8846549624}</UniqueIdentifier>
    </Filter>
    <Filter Include="mtgb\System\ImGui">
      <UniqueIdentifier>{867fb158-f2d8-4419-8c6c-57ce9b6e131b}</UniqueIdentifier>
    </Filter>-->
  </ItemGroup>
  <ItemGroup>
    <ClCompile Include="mtgb\AssetsManager.cpp">
      <Filter>03mtgb\System\AssetsManager</Filter>
    </ClCompile>
    <ClCompile Include="mtgb\Audio.cpp">
      <Filter>03mtgb\System\Audio</Filter>
    </ClCompile>
    <ClCompile Include="mtgb\AudioClip.cpp">
      <Filter>03mtgb\System\Audio</Filter>
    </ClCompile>
    <ClCompile Include="mtgb\AudioOneShot.cpp">
      <Filter>03mtgb\System\Audio</Filter>
    </ClCompile>
    <ClCompile Include="mtgb\AudioPlayerCP.cpp">
      <Filter>03mtgb\System\ComponentPool</Filter>
    </ClCompile>
    <ClCompile Include="mtgb\CameraSystem.cpp">
      <Filter>03mtgb\System\Camera</Filter>
    </ClCompile>
    <ClCompile Include="mtgb\Debug.cpp">
      <Filter>03mtgb\System\Debug</Filter>
    </ClCompile>
    <ClCompile Include="mtgb\ComponentPool.cpp">
      <Filter>03mtgb\System\ComponentPool</Filter>
    </ClCompile>
    <ClCompile Include="mtgb\AudioPlayer.cpp">
      <Filter>03mtgb\Component</Filter>
    </ClCompile>
    <ClCompile Include="mtgb\Color.cpp">
      <Filter>03mtgb\CoreType</Filter>
    </ClCompile>
    <ClCompile Include="mtgb\Direct2D\Direct2D.cpp">
      <Filter>03mtgb\System\Direct2D</Filter>
    </ClCompile>
    <ClCompile Include="mtgb\Direct3DResource.cpp">
      <Filter>03mtgb\System\Window\WindowContextResourceManager</Filter>
    </ClCompile>
    <ClCompile Include="mtgb\Direct2DResource.cpp">
      <Filter>03mtgb\System\Window\WindowContextResourceManager</Filter>
    </ClCompile>
    <ClCompile Include="mtgb\DirectWrite.cpp">
      <Filter>03mtgb\System\Direct2D\DirectWrite</Filter>
    </ClCompile>
    <ClCompile Include="mtgb\DirectX11Draw.cpp">
      <Filter>03mtgb\System\DirectX11</Filter>
    </ClCompile>
    <ClCompile Include="mtgb\DirectX11Manager.cpp">
      <Filter>03mtgb\System\DirectX11</Filter>
    </ClCompile>
    <ClCompile Include="mtgb\Draw.cpp">
      <Filter>03mtgb\System\DirectX11</Filter>
    </ClCompile>
    <ClCompile Include="mtgb\Entity.cpp">
      <Filter>03mtgb\X-Ignore</Filter>
    </ClCompile>
    <ClCompile Include="mtgb\Fbx.cpp">
      <Filter>03mtgb\System\Draw\FBX</Filter>
    </ClCompile>
    <ClCompile Include="mtgb\FbxParts.cpp">
      <Filter>03mtgb\Shader</Filter>
    </ClCompile>
    <ClCompile Include="mtgb\Figure.cpp">
      <Filter>03mtgb\Shader</Filter>
    </ClCompile>
    <ClCompile Include="mtgb\GameTime.cpp">
      <Filter>03mtgb\System\Time\GameTime</Filter>
    </ClCompile>
    <ClCompile Include="mtgb\HLSLInclude.cpp">
      <Filter>03mtgb\System\DirectX11</Filter>
    </ClCompile>
    <ClCompile Include="mtgb\IComponent.cpp">
      <Filter>03mtgb\Component</Filter>
    </ClCompile>
    <ClCompile Include="mtgb\IComponentPool.cpp">
      <Filter>03mtgb\System\ComponentPool</Filter>
    </ClCompile>
    <ClCompile Include="mtgb\Image.cpp">
      <Filter>03mtgb\System\Image</Filter>
    </ClCompile>
    <ClCompile Include="ImGui\imgui.cpp">
      <Filter>04Library\ImGui</Filter>
    </ClCompile>
    <ClCompile Include="ImGui\imgui_demo.cpp">
      <Filter>04Library\ImGui</Filter>
    </ClCompile>
    <ClCompile Include="ImGui\imgui_draw.cpp">
      <Filter>04Library\ImGui</Filter>
    </ClCompile>
    <ClCompile Include="ImGui\imgui_impl_dx11.cpp">
      <Filter>04Library\ImGui</Filter>
    </ClCompile>
    <ClCompile Include="ImGui\imgui_impl_win32.cpp">
      <Filter>04Library\ImGui</Filter>
    </ClCompile>
    <ClCompile Include="ImGui\imgui_tables.cpp">
      <Filter>04Library\ImGui</Filter>
    </ClCompile>
    <ClCompile Include="ImGui\imgui_widgets.cpp">
      <Filter>04Library\ImGui</Filter>
    </ClCompile>
    <ClCompile Include="mtgb\Input.cpp">
      <Filter>03mtgb\System\Input</Filter>
    </ClCompile>
    <ClCompile Include="mtgb\InputData.cpp">
      <Filter>03mtgb\System\Input</Filter>
    </ClCompile>
    <ClCompile Include="mtgb\IShader.cpp">
      <Filter>03mtgb\Shader</Filter>
    </ClCompile>
    <ClCompile Include="mtgb\ISystem.cpp">
      <Filter>03mtgb\System</Filter>
    </ClCompile>
    <ClCompile Include="mtgb\MainWindow.cpp">
      <Filter>03mtgb\System\Window\MainWindow</Filter>
    </ClCompile>
    <ClCompile Include="mtgb\Matrix4x4.cpp">
      <Filter>03mtgb\CoreType</Filter>
    </ClCompile>
    <ClCompile Include="mtgb\MTBin\MemoryStream.cpp">
      <Filter>03mtgb\Library\MTBin</Filter>
    </ClCompile>
    <ClCompile Include="mtgb\ImGuiRenderer.cpp">
      <Filter>03mtgb\System\Library</Filter>
    </ClCompile>
    <ClCompile Include="mtgb\OBJ.cpp">
      <Filter>03mtgb\System\Draw\OBJ</Filter>
    </ClCompile>
    <ClCompile Include="mtgb\Quaternion.cpp">
      <Filter>03mtgb\CoreType</Filter>
    </ClCompile>
    <ClCompile Include="mtgb\SceneSystem.cpp">
      <Filter>03mtgb\System\SceneSystem</Filter>
    </ClCompile>
    <ClCompile Include="mtgb\Screen.cpp">
      <Filter>03mtgb\System\Screen</Filter>
    </ClCompile>
    <ClCompile Include="mtgb\Text.cpp">
      <Filter>03mtgb\System\Text</Filter>
    </ClCompile>
    <ClCompile Include="mtgb\Texture2D.cpp">
      <Filter>03mtgb\System\DirectX11</Filter>
    </ClCompile>
    <ClCompile Include="mtgb\Timer.cpp">
      <Filter>03mtgb\System\Time\Timer</Filter>
    </ClCompile>
    <ClCompile Include="mtgb\Transform.cpp">
      <Filter>03mtgb\Component</Filter>
    </ClCompile>
    <ClCompile Include="mtgb\TransformCP.cpp">
      <Filter>03mtgb\System\ComponentPool</Filter>
    </ClCompile>
    <ClCompile Include="mtgb\Vector2.cpp">
      <Filter>03mtgb\CoreType</Filter>
    </ClCompile>
    <ClCompile Include="mtgb\Vector2Int.cpp">
      <Filter>03mtgb\CoreType</Filter>
    </ClCompile>
    <ClCompile Include="mtgb\Vector3.cpp">
      <Filter>03mtgb\CoreType</Filter>
    </ClCompile>
    <ClCompile Include="mtgb\Vector4.cpp">
      <Filter>03mtgb\CoreType</Filter>
    </ClCompile>
    <ClCompile Include="mtgb\WindowContext.cpp">
      <Filter>03mtgb\System\Window\WindowManager</Filter>
    </ClCompile>
    <ClCompile Include="mtgb\DoubleWindow.cpp">
      <Filter>03mtgb\System\Window\DoubleWindow</Filter>
    </ClCompile>
    <ClCompile Include="mtgb\WindowManager.cpp">
      <Filter>03mtgb\System\Window\WindowManager</Filter>
    </ClCompile>
    <ClCompile Include="mtgb\WindowResource.cpp">
      <Filter>03mtgb\System\Window\WindowContextResourceManager</Filter>
    </ClCompile>
    <ClCompile Include="mtgb\WindowContextResource.cpp">
      <Filter>03mtgb\System\Window\WindowContextResourceManager</Filter>
    </ClCompile>
    <ClCompile Include="mtgb\WindowContextResourceManager.cpp">
      <Filter>03mtgb\System\Window\WindowContextResourceManager</Filter>
    </ClCompile>
    <ClCompile Include="mtgb\MTNet\BinaryWriter.cpp">
      <Filter>03mtgb\Library\MTNet</Filter>
    </ClCompile>
    <ClCompile Include="mtgb\MTNet\BinaryReader.cpp">
      <Filter>03mtgb\Library\MTNet</Filter>
    </ClCompile>
    <ClCompile Include="mtgb\CameraResource.cpp">
      <Filter>03mtgb\System\Window\WindowContextResourceManager</Filter>
    </ClCompile>
    <ClCompile Include="mtgb\DXGIResource.cpp">
      <Filter>03mtgb\System\Window\WindowContextResourceManager</Filter>
    </ClCompile>
    <ClCompile Include="mtgb\MTNet\EndPoint.cpp">
      <Filter>03mtgb\Library\MTNet</Filter>
    </ClCompile>
    <ClCompile Include="mtgb\Game.cpp">
      <Filter>03mtgb\Core</Filter>
    </ClCompile>
    <ClCompile Include="mtgb\GameObject.cpp">
      <Filter>03mtgb\Core</Filter>
    </ClCompile>
    <ClCompile Include="mtgb\GameScene.cpp">
      <Filter>03mtgb\Core</Filter>
    </ClCompile>
    <ClCompile Include="mtgb\MTNet\TcpListener.cpp">
      <Filter>03mtgb\Library\MTNet</Filter>
    </ClCompile>
    <ClCompile Include="mtgb\MTNet\TcpClient.cpp">
      <Filter>03mtgb\Library\MTNet</Filter>
    </ClCompile>
    <ClCompile Include="mtgb\RigidBody.cpp">
      <Filter>03mtgb\Component</Filter>
    </ClCompile>
    <ClCompile Include="mtgb\InputResource.cpp">
      <Filter>03mtgb\System\Window\WindowContextResourceManager</Filter>
    </ClCompile>
    <ClCompile Include="mtgb\MTNet\BinaryReader.cpp">
      <Filter>未フィルターのなんとかしなきゃいけないファイル</Filter>
    </ClCompile>
    <ClCompile Include="mtgb\MTNet\BinaryWriter.cpp">
      <Filter>未フィルターのなんとかしなきゃいけないファイル</Filter>
    </ClCompile>
    <ClCompile Include="mtgb\MTNet\EndPoint.cpp">
      <Filter>未フィルターのなんとかしなきゃいけないファイル</Filter>
    </ClCompile>
    <ClCompile Include="mtgb\MTNet\TcpClient.cpp">
      <Filter>未フィルターのなんとかしなきゃいけないファイル</Filter>
    </ClCompile>
    <ClCompile Include="mtgb\MTNet\TcpListener.cpp">
      <Filter>未フィルターのなんとかしなきゃいけないファイル</Filter>
    </ClCompile>
    <ClCompile Include="mtgb\FbxModel.cpp">
      <Filter>03mtgb\System\Draw\FBX</Filter>
    </ClCompile>
    <ClCompile Include="mtgb\MTNet\Log.cpp">
      <Filter>03mtgb\Library\MTNet</Filter>
    </ClCompile>
    <ClCompile Include="mtgb\MTNet\Log.cpp">
      <Filter>未フィルターのなんとかしなきゃいけないファイル</Filter>
    </ClCompile>
    <ClCompile Include="mtgb\Inspector.cpp">
      <Filter>03mtgb\System\Library</Filter>
    </ClCompile>
    <ClCompile Include="mtgb\Model.cpp">
      <Filter>03mtgb\System\Model</Filter>
    </ClCompile>
    <ClCompile Include="mtgb\mtgb.cpp">
      <Filter>03mtgb\Core</Filter>
    </ClCompile>
    <ClCompile Include="mtgb\Sprite.cpp">
      <Filter>03mtgb\Shader</Filter>
    </ClCompile>
    <ClCompile Include="mtgb\ResourceCollection.cpp">
      <Filter>03mtgb\System\Window\WindowContextResourceManager</Filter>
    </ClCompile>
    <ClCompile Include="mtgb\RigidBodyCP.cpp">
      <Filter>03mtgb\System\ComponentPool</Filter>
    </ClCompile>
    <ClCompile Include="Source\SampleGame.cpp">
      <Filter>01Game</Filter>
    </ClCompile>
    <ClCompile Include="Source\TheMain.cpp">
      <Filter>01Game</Filter>
    </ClCompile>
    <ClCompile Include="mtgb\MTNet\Socket.cpp">
      <Filter>03mtgb\Library\MTNet</Filter>
    </ClCompile>
    <ClCompile Include="mtgb\WindowContextUtil.cpp">
      <Filter>03mtgb\Utility</Filter>
    </ClCompile>
    <ClCompile Include="mtgb\WaveData.cpp">
      <Filter>03mtgb\System\Audio</Filter>
    </ClCompile>
    <ClCompile Include="mtgb\World.cpp">
      <Filter>03mtgb\X-Ignore</Filter>
    </ClCompile>
    <ClCompile Include="mtgb\MTNet\Socket.cpp">
      <Filter>03mtgb\Library\MTNet</Filter>
    </ClCompile>
    <ClCompile Include="mtgb\Collider.cpp">
      <Filter>03mtgb\Component</Filter>
    </ClCompile>
    <ClCompile Include="mtgb\ColliderCP.cpp">
      <Filter>03mtgb\System\ComponentPool</Filter>
    </ClCompile>
    <ClCompile Include="mtgb\Ground.cpp">
      <Filter>03mtgb\Shader</Filter>
    </ClCompile>
    <ClCompile Include="mtgb\MTStringUtility.cpp">
      <Filter>未フィルターのなんとかしなきゃいけないファイル</Filter>
    </ClCompile>
    <ClCompile Include="mtgb\QuatToEuler.cpp">
      <Filter>未フィルターのなんとかしなきゃいけないファイル</Filter>
    </ClCompile>
    <ClCompile Include="mtgb\TransformGuizmo.cpp">
      <Filter>03mtgb\System\Debug\MTImGui</Filter>
    </ClCompile>
    <ClCompile Include="mtgb\ImGuiShowable.cpp">
      <Filter>03mtgb\System\Debug\MTImGui</Filter>
    </ClCompile>
    <ClCompile Include="mtgb\MTImGui.cpp">
      <Filter>03mtgb\System\Debug\MTImGui</Filter>
    </ClCompile>
    <ClCompile Include="mtgb\JoystickProxy.cpp">
      <Filter>03mtgb\System\Debug\MTImGui</Filter>
    </ClCompile>
    <ClCompile Include="mtgb\ImGuizmoManipulator.cpp">
      <Filter>03mtgb\System\Debug\MTImGui</Filter>
    </ClCompile>
    <ClCompile Include="ImGui\imgui_ja_gryph_ranges.cpp">
      <Filter>04Library\ImGui</Filter>
    </ClCompile>
    <ClCompile Include="ImGui\GraphEditor.cpp">
      <Filter>04Library\ImGui\ImGuizmo</Filter>
    </ClCompile>
    <ClCompile Include="ImGui\ImCurveEdit.cpp">
      <Filter>04Library\ImGui\ImGuizmo</Filter>
    </ClCompile>
    <ClCompile Include="ImGui\ImGradient.cpp">
      <Filter>04Library\ImGui\ImGuizmo</Filter>
    </ClCompile>
    <ClCompile Include="ImGui\ImGuizmo.cpp">
      <Filter>04Library\ImGui\ImGuizmo</Filter>
    </ClCompile>
    <ClCompile Include="ImGui\ImSequencer.cpp">
      <Filter>04Library\ImGui\ImGuizmo</Filter>
    </ClCompile>
    <ClCompile Include="mtgb\RenderSystem.cpp">
      <Filter>03mtgb\System\Draw</Filter>
    </ClCompile>
    <ClCompile Include="mtgb\InputConfig.cpp">
      <Filter>03mtgb\System\Input</Filter>
    </ClCompile>
    <ClCompile Include="mtgb\HighlightEnemy.cpp">
      <Filter>未フィルターのなんとかしなきゃいけないファイル</Filter>
    </ClCompile>
    <ClCompile Include="mtgb\RectDetector.cpp">
      <Filter>未フィルターのなんとかしなきゃいけないファイル</Filter>
    </ClCompile>
    <ClCompile Include="mtgb\TimeLimit.cpp">
      <Filter>未フィルターのなんとかしなきゃいけないファイル</Filter>
    </ClCompile>
    <ClCompile Include="mtgb\MTNet\HttpClient.cpp">
      <Filter>03mtgb\Library\MTNet</Filter>
    </ClCompile>
    <ClCompile Include="mtgb\MTNet\HttpHeaderBuilder.cpp">
      <Filter>03mtgb\Library\MTNet</Filter>
    </ClCompile>
    <ClCompile Include="mtgb\UIDrawCommand.cpp">
      <Filter>未フィルターのなんとかしなきゃいけないファイル</Filter>
    </ClCompile>
    <ClCompile Include="mtgb\TerrainReader.cpp">
      <Filter>未フィルターのなんとかしなきゃいけないファイル</Filter>
    </ClCompile>
    <ClCompile Include="mtgb\ScoreManager.cpp">
      <Filter>未フィルターのなんとかしなきゃいけないファイル</Filter>
    </ClCompile>
    <ClCompile Include="mtgb\CircleDetector.cpp">
      <Filter>未フィルターのなんとかしなきゃいけないファイル</Filter>
    </ClCompile>
    <ClCompile Include="mtgb\RayDetector.cpp">
      <Filter>未フィルターのなんとかしなきゃいけないファイル</Filter>
    </ClCompile>
    <ClCompile Include="mtgb\EventManager.cpp">
      <Filter>未フィルターのなんとかしなきゃいけないファイル</Filter>
    </ClCompile>
    <ClCompile Include="mtgb\TypeRegistry.cpp">
      <Filter>03mtgb\System\Debug\MTImGui</Filter>
    </ClCompile>
    <ClCompile Include="mtgb\SingleWindow.cpp">
      <Filter>03mtgb\System\Window</Filter>
    </ClCompile>
    <ClCompile Include="Source\Scenes\SampleScene.cpp">
      <Filter>01Game</Filter>
    </ClCompile>
    <ClCompile Include="mtgb\MeshRendererCP.cpp">
      <Filter>未フィルターのなんとかしなきゃいけないファイル</Filter>
    </ClCompile>
    <ClCompile Include="mtgb\MeshRenderer.cpp">
      <Filter>未フィルターのなんとかしなきゃいけないファイル</Filter>
    </ClCompile>
    <ClCompile Include="mtgb\GameObjectLayer.cpp">
      <Filter>未フィルターのなんとかしなきゃいけないファイル</Filter>
    </ClCompile>
    <ClCompile Include="Source\Camera.cpp">
      <Filter>01Game</Filter>
    </ClCompile>
    <ClCompile Include="mtgb\MouseStateProxy.cpp">
      <Filter>未フィルターのなんとかしなきゃいけないファイル</Filter>
    </ClCompile>
    <ClCompile Include="mtgb\ImGuiEditorCamera.cpp">
      <Filter>未フィルターのなんとかしなきゃいけないファイル</Filter>
    </ClCompile>
    <ClCompile Include="mtgb\ImGuiUtil.cpp">
      <Filter>未フィルターのなんとかしなきゃいけないファイル</Filter>
    </ClCompile>
    <ClCompile Include="mtgb\CommandHistoryManager.cpp">
      <Filter>未フィルターのなんとかしなきゃいけないファイル</Filter>
    </ClCompile>
    <ClCompile Include="mtgb\ImGuiEditor.cpp">
      <Filter>未フィルターのなんとかしなきゃいけないファイル</Filter>
    </ClCompile>
    <ClCompile Include="mtgb\CommandHistoryManagerWrapper.cpp">
      <Filter>未フィルターのなんとかしなきゃいけないファイル</Filter>
    </ClCompile>
    <ClCompile Include="mtgb\RegisterComponents.cpp">
      <Filter>未フィルターのなんとかしなきゃいけないファイル</Filter>
    </ClCompile>
    <ClCompile Include="mtgb\ComponentFactory.cpp">
      <Filter>未フィルターのなんとかしなきゃいけないファイル</Filter>
    </ClCompile>
    <ClCompile Include="mtgb\Box3D.cpp">
      <Filter>未フィルターのなんとかしなきゃいけないファイル</Filter>
    </ClCompile>
    <ClCompile Include="mtgb\GameObjectGenerator.cpp">
      <Filter>未フィルターのなんとかしなきゃいけないファイル</Filter>
    </ClCompile>
    <ClCompile Include="mtgb\SelectionCommand.cpp">
      <Filter>03mtgb\System\Debug\Command</Filter>
    </ClCompile>
    <ClCompile Include="mtgb\AddComponentCommand.cpp">
      <Filter>未フィルターのなんとかしなきゃいけないファイル</Filter>
    </ClCompile>
  </ItemGroup>
  <ItemGroup>
    <ClInclude Include="mtgb\AssetsManager.h">
      <Filter>03mtgb\System\AssetsManager</Filter>
    </ClInclude>
    <ClInclude Include="mtgb\Audio.h">
      <Filter>03mtgb\System\Audio</Filter>
    </ClInclude>
    <ClInclude Include="mtgb\AudioClip.h">
      <Filter>03mtgb\System\Audio</Filter>
    </ClInclude>
    <ClInclude Include="mtgb\AudioOneShot.h">
      <Filter>03mtgb\System\Audio</Filter>
    </ClInclude>
    <ClInclude Include="mtgb\AudioPlayerCP.h">
      <Filter>03mtgb\System\ComponentPool</Filter>
    </ClInclude>
    <ClInclude Include="mtgb\Debug.h">
      <Filter>03mtgb\System\Debug</Filter>
    </ClInclude>
    <ClInclude Include="mtgb\ComponentPool.h">
      <Filter>03mtgb\System\ComponentPool</Filter>
    </ClInclude>
    <ClInclude Include="mtgb\AudioPlayer.h">
      <Filter>03mtgb\Component</Filter>
    </ClInclude>
    <ClInclude Include="mtgb\MTNet\BinaryReader.h">
      <Filter>03mtgb\Library\MTNet</Filter>
    </ClInclude>
    <ClInclude Include="mtgb\MTNet\BinaryWriter.h">
      <Filter>03mtgb\Library\MTNet</Filter>
    </ClInclude>
    <ClInclude Include="mtgb\Color.h">
      <Filter>03mtgb\CoreType</Filter>
    </ClInclude>
    <ClInclude Include="mtgb\MTNet\Common.h">
      <Filter>03mtgb\Library\MTNet</Filter>
    </ClInclude>
    <ClInclude Include="mtgb\MTBin\Common.h">
      <Filter>03mtgb\Library\MTBin</Filter>
    </ClInclude>
    <ClInclude Include="mtgb\Direct2D\Direct2D.h">
      <Filter>03mtgb\System\Direct2D</Filter>
    </ClInclude>
    <ClInclude Include="mtgb\DirectWrite.h">
      <Filter>03mtgb\System\Direct2D\DirectWrite</Filter>
    </ClInclude>
    <ClInclude Include="mtgb\DirectX11Draw.h">
      <Filter>03mtgb\System\DirectX11</Filter>
    </ClInclude>
    <ClInclude Include="mtgb\DirectX11Manager.h">
      <Filter>03mtgb\System\DirectX11</Filter>
    </ClInclude>
    <ClInclude Include="mtgb\Draw.h">
      <Filter>03mtgb\System\DirectX11</Filter>
    </ClInclude>
    <ClInclude Include="mtgb\MTNet\EndPoint.h">
      <Filter>03mtgb\Library\MTNet</Filter>
    </ClInclude>
    <ClInclude Include="mtgb\Entity.h">
      <Filter>03mtgb\X-Ignore</Filter>
    </ClInclude>
    <ClInclude Include="mtgb\Fbx.h">
      <Filter>03mtgb\System\Draw\FBX</Filter>
    </ClInclude>
    <ClInclude Include="mtgb\FbxParts.h">
      <Filter>03mtgb\Shader</Filter>
    </ClInclude>
    <ClInclude Include="mtgb\Figure.h">
      <Filter>03mtgb\Shader</Filter>
    </ClInclude>
    <ClInclude Include="mtgb\GameTime.h">
      <Filter>03mtgb\System\Time\GameTime</Filter>
    </ClInclude>
    <ClInclude Include="mtgb\HLSLInclude.h">
      <Filter>03mtgb\System\DirectX11</Filter>
    </ClInclude>
    <ClInclude Include="mtgb\IComponent.h">
      <Filter>03mtgb\Component</Filter>
    </ClInclude>
    <ClInclude Include="mtgb\IComponentPool.h">
      <Filter>03mtgb\System\ComponentPool</Filter>
    </ClInclude>
    <ClInclude Include="mtgb\Image.h">
      <Filter>03mtgb\System\Image</Filter>
    </ClInclude>
    <ClInclude Include="ImGui\imconfig.h">
      <Filter>04Library\ImGui</Filter>
    </ClInclude>
    <ClInclude Include="ImGui\imgui.h">
      <Filter>04Library\ImGui</Filter>
    </ClInclude>
    <ClInclude Include="ImGui\imgui_impl_dx11.h">
      <Filter>04Library\ImGui</Filter>
    </ClInclude>
    <ClInclude Include="ImGui\imgui_impl_win32.h">
      <Filter>04Library\ImGui</Filter>
    </ClInclude>
    <ClInclude Include="ImGui\imgui_internal.h">
      <Filter>04Library\ImGui</Filter>
    </ClInclude>
    <ClInclude Include="ImGui\imstb_rectpack.h">
      <Filter>04Library\ImGui</Filter>
    </ClInclude>
    <ClInclude Include="ImGui\imstb_textedit.h">
      <Filter>04Library\ImGui</Filter>
    </ClInclude>
    <ClInclude Include="ImGui\imstb_truetype.h">
      <Filter>04Library\ImGui</Filter>
    </ClInclude>
    <ClInclude Include="mtgb\Input.h">
      <Filter>03mtgb\System\Input</Filter>
    </ClInclude>
    <ClInclude Include="mtgb\InputData.h">
      <Filter>03mtgb\System\Input</Filter>
    </ClInclude>
    <ClInclude Include="mtgb\InputKeyCode.h">
      <Filter>03mtgb\System\Input</Filter>
    </ClInclude>
    <ClInclude Include="mtgb\InputMouseCode.h">
      <Filter>03mtgb\System\Input</Filter>
    </ClInclude>
    <ClInclude Include="mtgb\IShader.h">
      <Filter>03mtgb\Shader</Filter>
    </ClInclude>
    <ClInclude Include="mtgb\ISystem.h">
      <Filter>03mtgb\System</Filter>
    </ClInclude>
    <ClInclude Include="mtgb\MTNet\Log.h">
      <Filter>03mtgb\Library\MTNet</Filter>
    </ClInclude>
    <ClInclude Include="mtgb\MainWindow.h">
      <Filter>03mtgb\System\Window\MainWindow</Filter>
    </ClInclude>
    <ClInclude Include="mtgb\Matrix4x4.h">
      <Filter>03mtgb\CoreType</Filter>
    </ClInclude>
    <ClInclude Include="mtgb\MTBin\MemoryStream.h">
      <Filter>03mtgb\Library\MTBin</Filter>
    </ClInclude>
    <ClInclude Include="mtgb\OBJ.h">
      <Filter>03mtgb\System\Draw\OBJ</Filter>
    </ClInclude>
    <ClInclude Include="mtgb\Quaternion.h">
      <Filter>03mtgb\CoreType</Filter>
    </ClInclude>
    <ClInclude Include="mtgb\RectInt.h">
      <Filter>03mtgb\CoreType</Filter>
    </ClInclude>
    <ClInclude Include="mtgb\ReleaseUtility.h">
      <Filter>03mtgb\Utility</Filter>
    </ClInclude>
    <ClInclude Include="mtgb\SceneSystem.h">
      <Filter>03mtgb\System\SceneSystem</Filter>
    </ClInclude>
    <ClInclude Include="mtgb\Screen.h">
      <Filter>03mtgb\System\Screen</Filter>
    </ClInclude>
    <ClInclude Include="mtgb\MTNet\Socket.h">
      <Filter>03mtgb\Library\MTNet</Filter>
    </ClInclude>
    <ClInclude Include="mtgb\MTNet\TcpClient.h">
      <Filter>03mtgb\Library\MTNet</Filter>
    </ClInclude>
    <ClInclude Include="mtgb\MTNet\TcpListener.h">
      <Filter>03mtgb\Library\MTNet</Filter>
    </ClInclude>
    <ClInclude Include="mtgb\SubWindow.h">
      <Filter>03mtgb\System\Window\SubWindow</Filter>
    </ClInclude>
    <ClInclude Include="mtgb\Text.h">
      <Filter>03mtgb\System\Text</Filter>
    </ClInclude>
    <ClInclude Include="mtgb\Texture2D.h">
      <Filter>03mtgb\System\DirectX11</Filter>
    </ClInclude>
    <ClInclude Include="mtgb\Timer.h">
      <Filter>03mtgb\System\Time\Timer</Filter>
    </ClInclude>
    <ClInclude Include="mtgb\Transform.h">
      <Filter>03mtgb\Component</Filter>
    </ClInclude>
    <ClInclude Include="mtgb\TransformCP.h">
      <Filter>03mtgb\System\ComponentPool</Filter>
    </ClInclude>
    <ClInclude Include="mtgb\Vector2.h">
      <Filter>03mtgb\CoreType</Filter>
    </ClInclude>
    <ClInclude Include="mtgb\Vector2Int.h">
      <Filter>03mtgb\CoreType</Filter>
    </ClInclude>
    <ClInclude Include="mtgb\Vector3.h">
      <Filter>03mtgb\CoreType</Filter>
    </ClInclude>
    <ClInclude Include="mtgb\Vector3Ref.h">
      <Filter>03mtgb\CoreType</Filter>
    </ClInclude>
    <ClInclude Include="mtgb\Vector4.h">
      <Filter>03mtgb\CoreType</Filter>
    </ClInclude>
    <ClInclude Include="mtgb\WindowContext.h">
      <Filter>03mtgb\System\Window\WindowManager</Filter>
    </ClInclude>
    <ClInclude Include="mtgb\DoubleWindow.h">
      <Filter>03mtgb\System\Window\DoubleWindow</Filter>
    </ClInclude>
    <ClInclude Include="mtgb\WindowManager.h">
      <Filter>03mtgb\System\Window\WindowManager</Filter>
    </ClInclude>
    <ClInclude Include="mtgb\CameraResource.h">
      <Filter>03mtgb\System\Window\WindowContextResourceManager</Filter>
    </ClInclude>
    <ClInclude Include="mtgb\Direct3DResource.h">
      <Filter>03mtgb\System\Window\WindowContextResourceManager</Filter>
    </ClInclude>
    <ClInclude Include="mtgb\Direct2DResource.h">
      <Filter>03mtgb\System\Window\WindowContextResourceManager</Filter>
    </ClInclude>
    <ClInclude Include="mtgb\DXGIResource.h">
      <Filter>03mtgb\System\Window\WindowContextResourceManager</Filter>
    </ClInclude>
    <ClInclude Include="mtgb\cmtgb.h">
      <Filter>03mtgb\Core</Filter>
    </ClInclude>
    <ClInclude Include="mtgb\Game.h">
      <Filter>03mtgb\Core</Filter>
    </ClInclude>
    <ClInclude Include="mtgb\GameObject.h">
      <Filter>03mtgb\Core</Filter>
    </ClInclude>
    <ClInclude Include="mtgb\GameObjectBuilder.h">
      <Filter>03mtgb\Core</Filter>
    </ClInclude>
    <ClInclude Include="mtgb\GameScene.h">
      <Filter>03mtgb\Core</Filter>
    </ClInclude>
    <ClInclude Include="mtgb\Handlers.h">
      <Filter>03mtgb\Core</Filter>
    </ClInclude>
    <ClInclude Include="mtgb\RigidBody.h">
      <Filter>03mtgb\Component</Filter>
    </ClInclude>
    <ClInclude Include="mtgb\InputResource.h">
      <Filter>03mtgb\System\Window\WindowContextResourceManager</Filter>
    </ClInclude>
    <ClInclude Include="mtgb\WindowContextResourceManager.h">
      <Filter>03mtgb\System\Window\WindowContextResourceManager</Filter>
    </ClInclude>
    <ClInclude Include="mtgb\WindowContextResource.h">
      <Filter>03mtgb\System\Window\WindowContextResourceManager</Filter>
    </ClInclude>
    <ClInclude Include="mtgb\WindowResource.h">
      <Filter>03mtgb\System\Window\WindowContextResourceManager</Filter>
    </ClInclude>
    <ClInclude Include="mtgb\FbxModel.h">
      <Filter>03mtgb\System\Draw\FBX</Filter>
    </ClInclude>
    <ClInclude Include="mtgb\IModelPack.h">
      <Filter>03mtgb\System\Draw</Filter>
    </ClInclude>
    <ClInclude Include="mtgb\IncludingInput.h">
      <Filter>03mtgb\Includer</Filter>
    </ClInclude>
    <ClInclude Include="mtgb\IncludingWindows.h">
      <Filter>03mtgb\Includer</Filter>
    </ClInclude>
    <ClInclude Include="mtgb\Inspector.h">
      <Filter>03mtgb\System\Library</Filter>
    </ClInclude>
    <ClInclude Include="mtgb\Model.h">
      <Filter>03mtgb\System\Model</Filter>
    </ClInclude>
    <ClInclude Include="mtgb\MTAssert.h">
      <Filter>03mtgb\Utility</Filter>
    </ClInclude>
    <ClInclude Include="mtgb\mtgb.h">
      <Filter>03mtgb\Core</Filter>
    </ClInclude>
    <ClInclude Include="mtgb\MTStringUtility.h">
      <Filter>03mtgb\Utility</Filter>
    </ClInclude>
    <ClInclude Include="mtgb\ImGuiRenderer.h">
      <Filter>03mtgb\System\Library</Filter>
    </ClInclude>
    <ClInclude Include="mtgb\PathUtility.h">
      <Filter>03mtgb\Utility</Filter>
    </ClInclude>
    <ClInclude Include="mtgb\ProfileUtlity.h">
      <Filter>03mtgb\Utility</Filter>
    </ClInclude>
    <ClInclude Include="mtgb\Sprite.h">
      <Filter>03mtgb\Shader</Filter>
    </ClInclude>
    <ClInclude Include="mtgb\ResourceCollection.h">
      <Filter>03mtgb\System\Window\WindowContextResourceManager</Filter>
    </ClInclude>
    <ClInclude Include="mtgb\RigidBodyCP.h">
      <Filter>03mtgb\System\ComponentPool</Filter>
    </ClInclude>
    <ClInclude Include="Source\SampleGame.h">
      <Filter>01Game</Filter>
    </ClInclude>
    <ClInclude Include="mtgb\WindowContextUtil.h">
      <Filter>03mtgb\Utility</Filter>
    </ClInclude>
    <ClInclude Include="mtgb\WaveData.h">
      <Filter>03mtgb\System\Audio</Filter>
    </ClInclude>
    <ClInclude Include="mtgb\World.h">
      <Filter>03mtgb\X-Ignore</Filter>
    </ClInclude>
    <ClInclude Include="mtgb\GameObjectLayer.h">
      <Filter>03mtgb\Core</Filter>
    </ClInclude>
    <ClInclude Include="mtgb\Collider.h">
      <Filter>03mtgb\Component</Filter>
    </ClInclude>
    <ClInclude Include="mtgb\ShaderType.h">
      <Filter>03mtgb\System\DirectX11</Filter>
    </ClInclude>
    <ClInclude Include="mtgb\TransformCore.h">
      <Filter>03mtgb\CoreType</Filter>
    </ClInclude>
    <ClInclude Include="mtgb\Ground.h">
      <Filter>03mtgb\Shader</Filter>
    </ClInclude>
    <ClInclude Include="mtgb\Observer.h">
      <Filter>03mtgb\Utility</Filter>
    </ClInclude>
    <ClInclude Include="mtgb\Easing.h">
      <Filter>03mtgb\Utility</Filter>
    </ClInclude>
    <ClInclude Include="mtgb\Mathf.h">
      <Filter>03mtgb\Utility</Filter>
    </ClInclude>
    <ClInclude Include="mtgb\QuatToEuler.h">
      <Filter>未フィルターのなんとかしなきゃいけないファイル</Filter>
    </ClInclude>
    <ClInclude Include="mtgb\TextAlignment.h">
      <Filter>03mtgb\System\Direct2D</Filter>
    </ClInclude>
    <ClInclude Include="mtgb\TypeRegistryImpl.h">
      <Filter>03mtgb\System\Debug\MTImGui</Filter>
    </ClInclude>
    <ClInclude Include="mtgb\TransformGuizmo.h">
      <Filter>03mtgb\System\Debug\MTImGui</Filter>
    </ClInclude>
    <ClInclude Include="mtgb\ShowType.h">
      <Filter>03mtgb\System\Debug\MTImGui</Filter>
    </ClInclude>
    <ClInclude Include="mtgb\ShowFunc.h">
      <Filter>03mtgb\System\Debug\MTImGui</Filter>
    </ClInclude>
    <ClInclude Include="mtgb\ReflectionInfo.h">
      <Filter>03mtgb\System\Debug\MTImGui</Filter>
    </ClInclude>
    <ClInclude Include="mtgb\ShowAttributes.h">
      <Filter>03mtgb\System\Debug\MTImGui</Filter>
    </ClInclude>
    <ClInclude Include="mtgb\ImGuiShowable.h">
      <Filter>03mtgb\System\Debug\MTImGui</Filter>
    </ClInclude>
    <ClInclude Include="mtgb\MTImGui.h">
      <Filter>03mtgb\System\Debug\MTImGui</Filter>
    </ClInclude>
    <ClInclude Include="mtgb\JoystickProxy.h">
      <Filter>03mtgb\System\Debug\MTImGui</Filter>
    </ClInclude>
    <ClInclude Include="mtgb\ImGuizmoManipulator.h">
      <Filter>03mtgb\System\Debug\MTImGui</Filter>
    </ClInclude>
    <ClInclude Include="ImGui\GraphEditor.h">
      <Filter>04Library\ImGui\ImGuizmo</Filter>
    </ClInclude>
    <ClInclude Include="ImGui\ImCurveEdit.h">
      <Filter>04Library\ImGui\ImGuizmo</Filter>
    </ClInclude>
    <ClInclude Include="ImGui\ImGradient.h">
      <Filter>04Library\ImGui\ImGuizmo</Filter>
    </ClInclude>
    <ClInclude Include="ImGui\ImGuizmo.h">
      <Filter>04Library\ImGui\ImGuizmo</Filter>
    </ClInclude>
    <ClInclude Include="ImGui\ImSequencer.h">
      <Filter>04Library\ImGui\ImGuizmo</Filter>
    </ClInclude>
    <ClInclude Include="ImGui\ImZoomSlider.h">
      <Filter>04Library\ImGui\ImGuizmo</Filter>
    </ClInclude>
    <ClInclude Include="mtgb\RenderSystem.h">
      <Filter>03mtgb\System\Draw</Filter>
    </ClInclude>
    <ClInclude Include="mtgb\DefaultShow.h">
      <Filter>03mtgb\System\Debug\MTImGui</Filter>
    </ClInclude>
    <ClInclude Include="mtgb\InputConfig.h">
      <Filter>03mtgb\System\Input</Filter>
    </ClInclude>
    <ClInclude Include="mtgb\Axis.h">
      <Filter>03mtgb\System\Input</Filter>
    </ClInclude>
    <ClInclude Include="mtgb\InputPadCode.h">
      <Filter>未フィルターのなんとかしなきゃいけないファイル</Filter>
    </ClInclude>
    <ClInclude Include="mtgb\CameraSystem.h">
      <Filter>未フィルターのなんとかしなきゃいけないファイル</Filter>
    </ClInclude>
    <ClInclude Include="mtgb\WorldToScreenData.h">
      <Filter>03mtgb\System\Camera</Filter>
    </ClInclude>
    <ClInclude Include="mtgb\RectContainsInfo.h">
      <Filter>03mtgb\System\Collider\ColliderInfo</Filter>
    </ClInclude>
    <ClInclude Include="mtgb\UIDrawCommand.h">
      <Filter>03mtgb\System\Draw</Filter>
    </ClInclude>
    <ClInclude Include="mtgb\RectT.h">
      <Filter>03mtgb\CoreType</Filter>
    </ClInclude>
    <ClInclude Include="mtgb\Vector2T.h">
      <Filter>03mtgb\CoreType</Filter>
    </ClInclude>
    <ClInclude Include="mtgb\Vector2F.h">
      <Filter>03mtgb\CoreType</Filter>
    </ClInclude>
    <ClInclude Include="mtgb\RectF.h">
      <Filter>03mtgb\CoreType</Filter>
    </ClInclude>
    <ClInclude Include="mtgb\RectDetector.h">
      <Filter>03mtgb\System\Collider</Filter>
    </ClInclude>
    <ClInclude Include="mtgb\IOriginalShader.h">
      <Filter>未フィルターのなんとかしなきゃいけないファイル</Filter>
    </ClInclude>
    <ClInclude Include="mtgb\TimeLimit.h">
      <Filter>未フィルターのなんとかしなきゃいけないファイル</Filter>
    </ClInclude>
    <ClInclude Include="mtgb\MTNet\HttpClient.h">
      <Filter>03mtgb\Library\MTNet</Filter>
    </ClInclude>
    <ClInclude Include="mtgb\MTNet\HttpHeaderBuilder.h">
      <Filter>03mtgb\Library\MTNet</Filter>
    </ClInclude>
    <ClInclude Include="mtgb\FlightStickCode.h">
      <Filter>未フィルターのなんとかしなきゃいけないファイル</Filter>
    </ClInclude>
    <ClInclude Include="mtgb\MTStat\MTStat.h">
      <Filter>03mtgb\Library\MTStat</Filter>
    </ClInclude>
    <ClInclude Include="mtgb\MonitorInfo.h">
      <Filter>未フィルターのなんとかしなきゃいけないファイル</Filter>
    </ClInclude>
    <ClInclude Include="mtgb\MTBit\BitFlag.h">
      <Filter>未フィルターのなんとかしなきゃいけないファイル</Filter>
    </ClInclude>
    <ClInclude Include="mtgb\TerrainReader.h">
      <Filter>未フィルターのなんとかしなきゃいけないファイル</Filter>
    </ClInclude>
    <ClInclude Include="mtgb\ScoreManager.h">
      <Filter>未フィルターのなんとかしなきゃいけないファイル</Filter>
    </ClInclude>
    <ClInclude Include="mtgb\GameObjectTag.h">
      <Filter>03mtgb\Core</Filter>
    </ClInclude>
    <ClInclude Include="mtgb\CircleDetector.h">
      <Filter>未フィルターのなんとかしなきゃいけないファイル</Filter>
    </ClInclude>
    <ClInclude Include="mtgb\DetectorConfigs.h">
      <Filter>未フィルターのなんとかしなきゃいけないファイル</Filter>
    </ClInclude>
    <ClInclude Include="mtgb\IDetector.h">
      <Filter>未フィルターのなんとかしなきゃいけないファイル</Filter>
    </ClInclude>
    <ClInclude Include="mtgb\RayDetector.h">
      <Filter>未フィルターのなんとかしなきゃいけないファイル</Filter>
    </ClInclude>
    <ClInclude Include="mtgb\EventManager.h">
      <Filter>未フィルターのなんとかしなきゃいけないファイル</Filter>
    </ClInclude>
    <ClInclude Include="mtgb\TypeRegistry.h">
      <Filter>03mtgb\System\Debug\MTImGui</Filter>
    </ClInclude>
    <ClInclude Include="mtgb\SingleWindow.h">
      <Filter>03mtgb\System\Window</Filter>
    </ClInclude>
    <ClInclude Include="Source\Scenes\SampleScene.h">
      <Filter>01Game</Filter>
    </ClInclude>
    <ClInclude Include="mtgb\MeshRenderer.h">
      <Filter>03mtgb\System\Draw</Filter>
    </ClInclude>
    <ClInclude Include="mtgb\MeshRendererCP.h">
      <Filter>03mtgb\System\ComponentPool</Filter>
    </ClInclude>
    <ClInclude Include="Source\Camera.h">
      <Filter>01Game</Filter>
    </ClInclude>
    <ClInclude Include="mtgb\MouseStateProxy.h">
      <Filter>03mtgb\System\Debug\MTImGui</Filter>
    </ClInclude>
    <ClInclude Include="mtgb\ImGuiEditorCamera.h">
      <Filter>03mtgb\System\Debug\MTImGui</Filter>
    </ClInclude>
    <ClInclude Include="mtgb\ImGuiUtil.h">
      <Filter>03mtgb\System\Debug\MTImGui</Filter>
    </ClInclude>
    <ClInclude Include="mtgb\GameObjectSelectionEvent.h">
      <Filter>03mtgb\System\Debug\MTImGui</Filter>
    </ClInclude>
    <ClInclude Include="mtgb\Command.h">
      <Filter>03mtgb\CoreType</Filter>
    </ClInclude>
    <ClInclude Include="mtgb\CommandHistoryManager.h">
      <Filter>03mtgb\System\Debug\MTImGui</Filter>
    </ClInclude>
    <ClInclude Include="mtgb\ImGuiEditor.h">
      <Filter>03mtgb\System\Debug\MTImGui</Filter>
    </ClInclude>
    <ClInclude Include="mtgb\CommandHandlerRegistry.h">
      <Filter>03mtgb\System\Debug\MTImGui</Filter>
    </ClInclude>
    <ClInclude Include="mtgb\ComponentFactory.h">
      <Filter>03mtgb\System</Filter>
    </ClInclude>
    <ClInclude Include="mtgb\CommandHistoryManagerWrapper.h">
      <Filter>03mtgb\System\Debug\MTImGui</Filter>
    </ClInclude>
    <ClInclude Include="mtgb\RegisterComponents.h">
      <Filter>未フィルターのなんとかしなきゃいけないファイル</Filter>
    </ClInclude>
    <ClInclude Include="mtgb\ComponentConcept.h">
      <Filter>03mtgb\Component</Filter>
    </ClInclude>
    <ClInclude Include="mtgb\Box3D.h">
      <Filter>未フィルターのなんとかしなきゃいけないファイル</Filter>
    </ClInclude>
    <ClInclude Include="mtgb\GameObjectGenerator.h">
      <Filter>03mtgb\System\Debug\MTImGui</Filter>
    </ClInclude>
    <ClInclude Include="mtgb\SelectionCommand.h">
      <Filter>03mtgb\System\Debug\Command</Filter>
    </ClInclude>
    <ClInclude Include="mtgb\AddComponentCommand.h">
      <Filter>未フィルターのなんとかしなきゃいけないファイル</Filter>
    </ClInclude>
    <ClInclude Include="mtgb\TransformMemento.h">
      <Filter>03mtgb\Component\Mement</Filter>
    </ClInclude>
    <ClInclude Include="mtgb\ColliderMemento.h">
      <Filter>03mtgb\Component\Mement</Filter>
    </ClInclude>
    <ClInclude Include="mtgb\IComponentMemento.h">
      <Filter>03mtgb\Component\Mement</Filter>
    </ClInclude>
    <ClInclude Include="mtgb\MeshRendererMemento.h">
      <Filter>03mtgb\Component\Mement</Filter>
    </ClInclude>
    <ClInclude Include="mtgb\AudioPlayerMemento.h">
      <Filter>未フィルターのなんとかしなきゃいけないファイル</Filter>
    </ClInclude>
    <ClInclude Include="mtgb\RigidBodyMemento.h">
      <Filter>未フィルターのなんとかしなきゃいけないファイル</Filter>
    </ClInclude>
  </ItemGroup>
  <ItemGroup>
    <None Include="Assets\Shader\2DCommon.hlsli" />
    <None Include="Assets\Shader\3DCommon.hlsli" />
    <None Include="Other\History\log20250720.md" />
    <None Include="packages.config" />
    <None Include="通信体系.txt" />
    <None Include="Assets\Shader\3DCommon.hlsli">
      <Filter>02Assets\Shader</Filter>
    </None>
    <None Include="Assets\Shader\2DCommon.hlsli">
      <Filter>02Assets\Shader</Filter>
    </None>
    <None Include="mtgb\DefaultShow.inl">
      <Filter>03mtgb\System\Debug\MTImGui</Filter>
    </None>
  </ItemGroup>
  <ItemGroup>
    <FxCompile Include="Assets\Shader\FbxParts.hlsl">
      <Filter>02Assets\Shader</Filter>
    </FxCompile>
    <FxCompile Include="Assets\Shader\Figure.hlsl">
      <Filter>02Assets\Shader</Filter>
    </FxCompile>
    <FxCompile Include="Assets\Shader\Geometry.hlsl">
      <Filter>02Assets\Shader</Filter>
    </FxCompile>
    <FxCompile Include="Assets\Shader\Sprite.hlsl">
      <Filter>02Assets\Shader</Filter>
    </FxCompile>
    <FxCompile Include="Assets\Shader\Debug3D.hlsl">
      <Filter>02Assets\Shader</Filter>
    </FxCompile>
    <FxCompile Include="Assets\Shader\Unlit3D.hlsl">
      <Filter>02Assets\Shader</Filter>
    </FxCompile>
    <FxCompile Include="Assets\Shader\Ground.hlsl">
      <Filter>02Assets\Shader</Filter>
    </FxCompile>
    <FxCompile Include="Assets\Shader\WingEffect.hlsl">
      <Filter>02Assets\Shader</Filter>
    </FxCompile>
    <FxCompile Include="Assets\Shader\FbxPartsSkin.hlsl">
      <Filter>02Assets\Shader</Filter>
    </FxCompile>
    <FxCompile Include="Assets\Shader\Trail.hlsl">
      <Filter>02Assets\Shader</Filter>
    </FxCompile>
    <FxCompile Include="Assets\Shader\Terrain.hlsl">
      <Filter>02Assets\Shader</Filter>
    </FxCompile>
  </ItemGroup>
</Project>